
Microsoft Visual Studio Solution File, Format Version 12.00
# Visual Studio Version 16
VisualStudioVersion = 16.0.30503.244
MinimumVisualStudioVersion = 10.0.40219.1
Project("{FAE04EC0-301F-11D3-BF4B-00C04F79EFBC}") = "Metotlar", "Metotlar\Metotlar.csproj", "{7399C3D7-9F51-4E4B-B9D9-B04B77EC02C5}"
EndProject
Project("{FAE04EC0-301F-11D3-BF4B-00C04F79EFBC}") = "Matematik", "Matematik\Matematik.csproj", "{0276D7DB-52A2-4279-8143-0550CB4BB5B6}"
EndProject
Project("{FAE04EC0-301F-11D3-BF4B-00C04F79EFBC}") = "DegerveReferansTıpler", "DegerveReferansTıpler\DegerveReferansTıpler.csproj", "{26A40148-7527-403C-A5AD-4809DE0C6712}"
EndProject
Global
	GlobalSection(SolutionConfigurationPlatforms) = preSolution
		Debug|Any CPU = Debug|Any CPU
		Release|Any CPU = Release|Any CPU
	EndGlobalSection
	GlobalSection(ProjectConfigurationPlatforms) = postSolution
		{7399C3D7-9F51-4E4B-B9D9-B04B77EC02C5}.Debug|Any CPU.ActiveCfg = Debug|Any CPU
		{7399C3D7-9F51-4E4B-B9D9-B04B77EC02C5}.Debug|Any CPU.Build.0 = Debug|Any CPU
		{7399C3D7-9F51-4E4B-B9D9-B04B77EC02C5}.Release|Any CPU.ActiveCfg = Release|Any CPU
		{7399C3D7-9F51-4E4B-B9D9-B04B77EC02C5}.Release|Any CPU.Build.0 = Release|Any CPU
		{0276D7DB-52A2-4279-8143-0550CB4BB5B6}.Debug|Any CPU.ActiveCfg = Debug|Any CPU
		{0276D7DB-52A2-4279-8143-0550CB4BB5B6}.Debug|Any CPU.Build.0 = Debug|Any CPU
		{0276D7DB-52A2-4279-8143-0550CB4BB5B6}.Release|Any CPU.ActiveCfg = Release|Any CPU
		{0276D7DB-52A2-4279-8143-0550CB4BB5B6}.Release|Any CPU.Build.0 = Release|Any CPU
		{26A40148-7527-403C-A5AD-4809DE0C6712}.Debug|Any CPU.ActiveCfg = Debug|Any CPU
		{26A40148-7527-403C-A5AD-4809DE0C6712}.Debug|Any CPU.Build.0 = Debug|Any CPU
		{26A40148-7527-403C-A5AD-4809DE0C6712}.Release|Any CPU.ActiveCfg = Release|Any CPU
		{26A40148-7527-403C-A5AD-4809DE0C6712}.Release|Any CPU.Build.0 = Release|Any CPU
	EndGlobalSection
	GlobalSection(SolutionProperties) = preSolution
		HideSolutionNode = FALSE
	EndGlobalSection
	GlobalSection(ExtensibilityGlobals) = postSolution
		SolutionGuid = {F75550B4-80F0-4A7E-A397-836D000CCE46}
	EndGlobalSection
EndGlobal
